PODS:
  - ModelMapper (7.3.0)
  - Treasure (0.1.5):
    - ModelMapper (~> 7.3.0)

DEPENDENCIES:
  - Treasure (from `../`)

EXTERNAL SOURCES:
  Treasure:
    :path: ../

SPEC CHECKSUMS:
  ModelMapper: b70d373f224fc8cfc4da67b483db163a6cd05fe6
  Treasure: 08e9c57bd3f4c5a837f88e558b81ab3382dac60f

PODFILE CHECKSUM: 6bd0fb4d78752947dafe91beeb3f71dc5f170023

COCOAPODS: 1.4.0.beta.2
